
Microsoft Visual Studio Solution File, Format Version 12.00
# Visual Studio Express 2013 for Windows Desktop
VisualStudioVersion = 12.0.31101.0
MinimumVisualStudioVersion = 10.0.40219.1
Project("{FAE04EC0-301F-11D3-BF4B-00C04F79EFBC}") = "Compilateur Blockly4Thymio", "Compilateur Blockly4Thymio.csproj", "{DA7F29C6-89C1-4D2A-AFB6-56434085EF05}"
EndProject
Global
	GlobalSection(SolutionConfigurationPlatforms) = preSolution
		Debug|x86 = Debug|x86
		Release|x86 = Release|x86
	EndGlobalSection
	GlobalSection(ProjectConfigurationPlatforms) = postSolution
		{DA7F29C6-89C1-4D2A-AFB6-56434085EF05}.Debug|x86.ActiveCfg = Debug|x86
		{DA7F29C6-89C1-4D2A-AFB6-56434085EF05}.Debug|x86.Build.0 = Debug|x86
		{DA7F29C6-89C1-4D2A-AFB6-56434085EF05}.Release|x86.ActiveCfg = Release|x86
		{DA7F29C6-89C1-4D2A-AFB6-56434085EF05}.Release|x86.Build.0 = Release|x86
	EndGlobalSection
	GlobalSection(SolutionProperties) = preSolution
		HideSolutionNode = FALSE
	EndGlobalSection
	GlobalSection(MonoDevelopProperties) = preSolution
		StartupItem = Compilateur Blockly4Thymio.csproj
	EndGlobalSection
EndGlobal
